// !$*UTF8*$!
{
	archiveVersion = 1;
	classes = {
	};
	objectVersion = 46;
	objects = {

/* Begin PBXBuildFile section */
		2DA4EE6E1D3E3E4400960324 /* AuthScreenAssembly.swift in Sources */ = {isa = PBXBuildFile; fileRef = 2DA4EE691D3E3E4400960324 /* AuthScreenAssembly.swift */; };
		2DA4EE6F1D3E3E4400960324 /* AuthScreenInteractor.swift in Sources */ = {isa = PBXBuildFile; fileRef = 2DA4EE6A1D3E3E4400960324 /* AuthScreenInteractor.swift */; };
		2DA4EE701D3E3E4400960324 /* AuthScreenModule.swift in Sources */ = {isa = PBXBuildFile; fileRef = 2DA4EE6B1D3E3E4400960324 /* AuthScreenModule.swift */; };
		2DA4EE711D3E3E4400960324 /* AuthScreenRouter.swift in Sources */ = {isa = PBXBuildFile; fileRef = 2DA4EE6C1D3E3E4400960324 /* AuthScreenRouter.swift */; };
		2DA4EE721D3E3E4400960324 /* AuthScreenView.swift in Sources */ = {isa = PBXBuildFile; fileRef = 2DA4EE6D1D3E3E4400960324 /* AuthScreenView.swift */; };
		2DA4EE741D3E3E5300960324 /* AuthScreen.storyboard in Resources */ = {isa = PBXBuildFile; fileRef = 2DA4EE731D3E3E5300960324 /* AuthScreen.storyboard */; };
		FE845CF91D3DE92A0008CCBF /* ThreadsKit.framework in Frameworks */ = {isa = PBXBuildFile; fileRef = FE845CF71D3DE92A0008CCBF /* ThreadsKit.framework */; };
		FE845CFC1D3DE93B0008CCBF /* ThreadsKit.framework in Embed Frameworks */ = {isa = PBXBuildFile; fileRef = FE845CF71D3DE92A0008CCBF /* ThreadsKit.framework */; settings = {ATTRIBUTES = (CodeSignOnCopy, RemoveHeadersOnCopy, ); }; };
		FE93A8471D3E044F00202A85 /* AppDelegate.swift in Sources */ = {isa = PBXBuildFile; fileRef = FE93A82A1D3E044F00202A85 /* AppDelegate.swift */; };
		FE93A8481D3E044F00202A85 /* Dependencies.swift in Sources */ = {isa = PBXBuildFile; fileRef = FE93A82B1D3E044F00202A85 /* Dependencies.swift */; };
		FE93A8491D3E044F00202A85 /* Assets.xcassets in Resources */ = {isa = PBXBuildFile; fileRef = FE93A82D1D3E044F00202A85 /* Assets.xcassets */; };
		FE93A84A1D3E044F00202A85 /* LaunchScreen.storyboard in Resources */ = {isa = PBXBuildFile; fileRef = FE93A82F1D3E044F00202A85 /* LaunchScreen.storyboard */; };
		FE93A84B1D3E044F00202A85 /* Router.swift in Sources */ = {isa = PBXBuildFile; fileRef = FE93A8311D3E044F00202A85 /* Router.swift */; };
		FE93A84C1D3E044F00202A85 /* KeyboardNotification.swift in Sources */ = {isa = PBXBuildFile; fileRef = FE93A8351D3E044F00202A85 /* KeyboardNotification.swift */; };
		FE93A84D1D3E044F00202A85 /* ViperInteractor.swift in Sources */ = {isa = PBXBuildFile; fileRef = FE93A8361D3E044F00202A85 /* ViperInteractor.swift */; };
		FE93A84E1D3E044F00202A85 /* ViperModule.swift in Sources */ = {isa = PBXBuildFile; fileRef = FE93A8371D3E044F00202A85 /* ViperModule.swift */; };
		FE93A84F1D3E044F00202A85 /* ViperRouter.swift in Sources */ = {isa = PBXBuildFile; fileRef = FE93A8381D3E044F00202A85 /* ViperRouter.swift */; };
		FE93A8501D3E044F00202A85 /* ViperViewController.swift in Sources */ = {isa = PBXBuildFile; fileRef = FE93A8391D3E044F00202A85 /* ViperViewController.swift */; };
		FE93A8521D3E044F00202A85 /* MainScreenAssembly.swift in Sources */ = {isa = PBXBuildFile; fileRef = FE93A8401D3E044F00202A85 /* MainScreenAssembly.swift */; };
		FE93A8531D3E044F00202A85 /* MainScreenInteractor.swift in Sources */ = {isa = PBXBuildFile; fileRef = FE93A8411D3E044F00202A85 /* MainScreenInteractor.swift */; };
		FE93A8541D3E044F00202A85 /* MainScreen.swift in Sources */ = {isa = PBXBuildFile; fileRef = FE93A8421D3E044F00202A85 /* MainScreen.swift */; };
		FE93A8551D3E044F00202A85 /* MainScreenRouter.swift in Sources */ = {isa = PBXBuildFile; fileRef = FE93A8431D3E044F00202A85 /* MainScreenRouter.swift */; };
		FE93A8561D3E044F00202A85 /* MainScreenView.swift in Sources */ = {isa = PBXBuildFile; fileRef = FE93A8441D3E044F00202A85 /* MainScreenView.swift */; };
		FE93A8571D3E044F00202A85 /* MainScreen.storyboard in Resources */ = {isa = PBXBuildFile; fileRef = FE93A8451D3E044F00202A85 /* MainScreen.storyboard */; };
		FE93A8591D3E046600202A85 /* User.swift in Sources */ = {isa = PBXBuildFile; fileRef = FE93A8581D3E046600202A85 /* User.swift */; };
		FE93A85B1D3E04C400202A85 /* SomeServiceInterface.swift in Sources */ = {isa = PBXBuildFile; fileRef = FE93A85A1D3E04C400202A85 /* SomeServiceInterface.swift */; };
		FE93A85E1D3E04F200202A85 /* RoundedView.swift in Sources */ = {isa = PBXBuildFile; fileRef = FE93A85D1D3E04F200202A85 /* RoundedView.swift */; };
		FE93A8611D3E08FC00202A85 /* R.generated.swift in Sources */ = {isa = PBXBuildFile; fileRef = FE93A8601D3E08FC00202A85 /* R.generated.swift */; };
		FE93A8631D3E0AAD00202A85 /* Rswift.framework in Frameworks */ = {isa = PBXBuildFile; fileRef = FE93A8621D3E0AAD00202A85 /* Rswift.framework */; };
		FE93A8641D3E0ACA00202A85 /* Rswift.framework in Embed Frameworks */ = {isa = PBXBuildFile; fileRef = FE93A8621D3E0AAD00202A85 /* Rswift.framework */; settings = {ATTRIBUTES = (CodeSignOnCopy, RemoveHeadersOnCopy, ); }; };
/* End PBXBuildFile section */

/* Begin PBXCopyFilesBuildPhase section */
		FE845CFF1D3DE93B0008CCBF /* Embed Frameworks */ = {
			isa = PBXCopyFilesBuildPhase;
			buildActionMask = 2147483647;
			dstPath = "";
			dstSubfolderSpec = 10;
			files = (
				FE93A8641D3E0ACA00202A85 /* Rswift.framework in Embed Frameworks */,
				FE845CFC1D3DE93B0008CCBF /* ThreadsKit.framework in Embed Frameworks */,
			);
			name = "Embed Frameworks";
			runOnlyForDeploymentPostprocessing = 0;
		};
/* End PBXCopyFilesBuildPhase section */

/* Begin PBXFileReference section */
		2DA4EE691D3E3E4400960324 /* AuthScreenAssembly.swift */ = {isa = PBXFileReference; fileEncoding = 4; lastKnownFileType = sourcecode.swift; path = AuthScreenAssembly.swift; sourceTree = "<group>"; };
		2DA4EE6A1D3E3E4400960324 /* AuthScreenInteractor.swift */ = {isa = PBXFileReference; fileEncoding = 4; lastKnownFileType = sourcecode.swift; path = AuthScreenInteractor.swift; sourceTree = "<group>"; };
		2DA4EE6B1D3E3E4400960324 /* AuthScreenModule.swift */ = {isa = PBXFileReference; fileEncoding = 4; lastKnownFileType = sourcecode.swift; path = AuthScreenModule.swift; sourceTree = "<group>"; };
		2DA4EE6C1D3E3E4400960324 /* AuthScreenRouter.swift */ = {isa = PBXFileReference; fileEncoding = 4; lastKnownFileType = sourcecode.swift; path = AuthScreenRouter.swift; sourceTree = "<group>"; };
		2DA4EE6D1D3E3E4400960324 /* AuthScreenView.swift */ = {isa = PBXFileReference; fileEncoding = 4; lastKnownFileType = sourcecode.swift; path = AuthScreenView.swift; sourceTree = "<group>"; };
		2DA4EE731D3E3E5300960324 /* AuthScreen.storyboard */ = {isa = PBXFileReference; fileEncoding = 4; lastKnownFileType = file.storyboard; path = AuthScreen.storyboard; sourceTree = "<group>"; };
		FE845CF71D3DE92A0008CCBF /* ThreadsKit.framework */ = {isa = PBXFileReference; lastKnownFileType = wrapper.framework; name = ThreadsKit.framework; path = Carthage/Build/iOS/ThreadsKit.framework; sourceTree = "<group>"; };
		FE93A82A1D3E044F00202A85 /* AppDelegate.swift */ = {isa = PBXFileReference; fileEncoding = 4; lastKnownFileType = sourcecode.swift; path = AppDelegate.swift; sourceTree = "<group>"; };
		FE93A82B1D3E044F00202A85 /* Dependencies.swift */ = {isa = PBXFileReference; fileEncoding = 4; lastKnownFileType = sourcecode.swift; path = Dependencies.swift; sourceTree = "<group>"; };
		FE93A82D1D3E044F00202A85 /* Assets.xcassets */ = {isa = PBXFileReference; lastKnownFileType = folder.assetcatalog; path = Assets.xcassets; sourceTree = "<group>"; };
		FE93A8301D3E044F00202A85 /* Base */ = {isa = PBXFileReference; lastKnownFileType = file.storyboard; name = Base; path = Base.lproj/LaunchScreen.storyboard; sourceTree = "<group>"; };
		FE93A8311D3E044F00202A85 /* Router.swift */ = {isa = PBXFileReference; fileEncoding = 4; lastKnownFileType = sourcecode.swift; path = Router.swift; sourceTree = "<group>"; };
		FE93A8351D3E044F00202A85 /* KeyboardNotification.swift */ = {isa = PBXFileReference; fileEncoding = 4; lastKnownFileType = sourcecode.swift; path = KeyboardNotification.swift; sourceTree = "<group>"; };
		FE93A8361D3E044F00202A85 /* ViperInteractor.swift */ = {isa = PBXFileReference; fileEncoding = 4; lastKnownFileType = sourcecode.swift; path = ViperInteractor.swift; sourceTree = "<group>"; };
		FE93A8371D3E044F00202A85 /* ViperModule.swift */ = {isa = PBXFileReference; fileEncoding = 4; lastKnownFileType = sourcecode.swift; path = ViperModule.swift; sourceTree = "<group>"; };
		FE93A8381D3E044F00202A85 /* ViperRouter.swift */ = {isa = PBXFileReference; fileEncoding = 4; lastKnownFileType = sourcecode.swift; path = ViperRouter.swift; sourceTree = "<group>"; };
		FE93A8391D3E044F00202A85 /* ViperViewController.swift */ = {isa = PBXFileReference; fileEncoding = 4; lastKnownFileType = sourcecode.swift; path = ViperViewController.swift; sourceTree = "<group>"; };
		FE93A8401D3E044F00202A85 /* MainScreenAssembly.swift */ = {isa = PBXFileReference; fileEncoding = 4; lastKnownFileType = sourcecode.swift; path = MainScreenAssembly.swift; sourceTree = "<group>"; };
		FE93A8411D3E044F00202A85 /* MainScreenInteractor.swift */ = {isa = PBXFileReference; fileEncoding = 4; lastKnownFileType = sourcecode.swift; path = MainScreenInteractor.swift; sourceTree = "<group>"; };
		FE93A8421D3E044F00202A85 /* MainScreen.swift */ = {isa = PBXFileReference; fileEncoding = 4; lastKnownFileType = sourcecode.swift; path = MainScreen.swift; sourceTree = "<group>"; };
		FE93A8431D3E044F00202A85 /* MainScreenRouter.swift */ = {isa = PBXFileReference; fileEncoding = 4; lastKnownFileType = sourcecode.swift; path = MainScreenRouter.swift; sourceTree = "<group>"; };
		FE93A8441D3E044F00202A85 /* MainScreenView.swift */ = {isa = PBXFileReference; fileEncoding = 4; lastKnownFileType = sourcecode.swift; path = MainScreenView.swift; sourceTree = "<group>"; };
		FE93A8451D3E044F00202A85 /* MainScreen.storyboard */ = {isa = PBXFileReference; fileEncoding = 4; lastKnownFileType = file.storyboard; path = MainScreen.storyboard; sourceTree = "<group>"; };
		FE93A8581D3E046600202A85 /* User.swift */ = {isa = PBXFileReference; fileEncoding = 4; lastKnownFileType = sourcecode.swift; path = User.swift; sourceTree = "<group>"; };
		FE93A85A1D3E04C400202A85 /* SomeServiceInterface.swift */ = {isa = PBXFileReference; fileEncoding = 4; lastKnownFileType = sourcecode.swift; path = SomeServiceInterface.swift; sourceTree = "<group>"; };
		FE93A85D1D3E04F200202A85 /* RoundedView.swift */ = {isa = PBXFileReference; fileEncoding = 4; lastKnownFileType = sourcecode.swift; path = RoundedView.swift; sourceTree = "<group>"; };
		FE93A8601D3E08FC00202A85 /* R.generated.swift */ = {isa = PBXFileReference; fileEncoding = 4; lastKnownFileType = sourcecode.swift; path = R.generated.swift; sourceTree = "<group>"; };
		FE93A8621D3E0AAD00202A85 /* Rswift.framework */ = {isa = PBXFileReference; lastKnownFileType = wrapper.framework; name = Rswift.framework; path = Carthage/Build/iOS/Rswift.framework; sourceTree = "<group>"; };
		FE9DFA051CF426AA0082819D /* ViperExample.app */ = {isa = PBXFileReference; explicitFileType = wrapper.application; includeInIndex = 0; path = ViperExample.app; sourceTree = BUILT_PRODUCTS_DIR; };
		FE9DFA361CF427B50082819D /* Info.plist */ = {isa = PBXFileReference; fileEncoding = 4; lastKnownFileType = text.plist.xml; path = Info.plist; sourceTree = "<group>"; };
/* End PBXFileReference section */

/* Begin PBXFrameworksBuildPhase section */
		FE9DFA021CF426AA0082819D /* Frameworks */ = {
			isa = PBXFrameworksBuildPhase;
			buildActionMask = 2147483647;
			files = (
				FE845CF91D3DE92A0008CCBF /* ThreadsKit.framework in Frameworks */,
				FE93A8631D3E0AAD00202A85 /* Rswift.framework in Frameworks */,
			);
			runOnlyForDeploymentPostprocessing = 0;
		};
/* End PBXFrameworksBuildPhase section */

/* Begin PBXGroup section */
		2DA4EE671D3E3D8000960324 /* Auth */ = {
			isa = PBXGroup;
			children = (
				2DA4EE681D3E3E4400960324 /* AuthScreen */,
				2DA4EE731D3E3E5300960324 /* AuthScreen.storyboard */,
			);
			path = Auth;
			sourceTree = "<group>";
		};
		2DA4EE681D3E3E4400960324 /* AuthScreen */ = {
			isa = PBXGroup;
			children = (
				2DA4EE691D3E3E4400960324 /* AuthScreenAssembly.swift */,
				2DA4EE6A1D3E3E4400960324 /* AuthScreenInteractor.swift */,
				2DA4EE6B1D3E3E4400960324 /* AuthScreenModule.swift */,
				2DA4EE6C1D3E3E4400960324 /* AuthScreenRouter.swift */,
				2DA4EE6D1D3E3E4400960324 /* AuthScreenView.swift */,
			);
			path = AuthScreen;
			sourceTree = "<group>";
		};
		FE93A8281D3E044F00202A85 /* Layers */ = {
			isa = PBXGroup;
			children = (
				FE93A8291D3E044F00202A85 /* Application */,
				FE93A8321D3E044F00202A85 /* Domain */,
				FE93A8331D3E044F00202A85 /* Presentation */,
				FE93A8461D3E044F00202A85 /* Service */,
			);
			path = Layers;
			sourceTree = "<group>";
		};
		FE93A8291D3E044F00202A85 /* Application */ = {
			isa = PBXGroup;
			children = (
				FE93A82A1D3E044F00202A85 /* AppDelegate.swift */,
				FE93A82B1D3E044F00202A85 /* Dependencies.swift */,
				FE93A82C1D3E044F00202A85 /* Resources */,
				FE93A8311D3E044F00202A85 /* Router.swift */,
			);
			path = Application;
			sourceTree = "<group>";
		};
		FE93A82C1D3E044F00202A85 /* Resources */ = {
			isa = PBXGroup;
			children = (
				FE93A8601D3E08FC00202A85 /* R.generated.swift */,
				FE93A82D1D3E044F00202A85 /* Assets.xcassets */,
				FE93A82E1D3E044F00202A85 /* LaunchScreenSB */,
			);
			path = Resources;
			sourceTree = "<group>";
		};
		FE93A82E1D3E044F00202A85 /* LaunchScreenSB */ = {
			isa = PBXGroup;
			children = (
				FE93A82F1D3E044F00202A85 /* LaunchScreen.storyboard */,
			);
			path = LaunchScreenSB;
			sourceTree = "<group>";
		};
		FE93A8321D3E044F00202A85 /* Domain */ = {
			isa = PBXGroup;
			children = (
				FE93A8581D3E046600202A85 /* User.swift */,
			);
			path = Domain;
			sourceTree = "<group>";
		};
		FE93A8331D3E044F00202A85 /* Presentation */ = {
			isa = PBXGroup;
			children = (
				FE93A8341D3E044F00202A85 /* BaseClasses */,
				FE93A83A1D3E044F00202A85 /* Components */,
				FE93A83B1D3E044F00202A85 /* UserStory */,
			);
			path = Presentation;
			sourceTree = "<group>";
		};
		FE93A8341D3E044F00202A85 /* BaseClasses */ = {
			isa = PBXGroup;
			children = (
				FE93A8351D3E044F00202A85 /* KeyboardNotification.swift */,
				FE93A8361D3E044F00202A85 /* ViperInteractor.swift */,
				FE93A8371D3E044F00202A85 /* ViperModule.swift */,
				FE93A8381D3E044F00202A85 /* ViperRouter.swift */,
				FE93A8391D3E044F00202A85 /* ViperViewController.swift */,
			);
			path = BaseClasses;
			sourceTree = "<group>";
		};
		FE93A83A1D3E044F00202A85 /* Components */ = {
			isa = PBXGroup;
			children = (
				FE93A85C1D3E04E500202A85 /* RoundedView */,
			);
			path = Components;
			sourceTree = "<group>";
		};
		FE93A83B1D3E044F00202A85 /* UserStory */ = {
			isa = PBXGroup;
			children = (
				2DA4EE671D3E3D8000960324 /* Auth */,
				FE93A83C1D3E044F00202A85 /* Main */,
			);
			path = UserStory;
			sourceTree = "<group>";
		};
		FE93A83C1D3E044F00202A85 /* Main */ = {
			isa = PBXGroup;
			children = (
				FE93A83D1D3E044F00202A85 /* MainScreen */,
				FE93A8451D3E044F00202A85 /* MainScreen.storyboard */,
			);
			path = Main;
			sourceTree = "<group>";
		};
		FE93A83D1D3E044F00202A85 /* MainScreen */ = {
			isa = PBXGroup;
			children = (
				FE93A8401D3E044F00202A85 /* MainScreenAssembly.swift */,
				FE93A8411D3E044F00202A85 /* MainScreenInteractor.swift */,
				FE93A8421D3E044F00202A85 /* MainScreen.swift */,
				FE93A8431D3E044F00202A85 /* MainScreenRouter.swift */,
				FE93A8441D3E044F00202A85 /* MainScreenView.swift */,
			);
			path = MainScreen;
			sourceTree = "<group>";
		};
		FE93A8461D3E044F00202A85 /* Service */ = {
			isa = PBXGroup;
			children = (
				FE93A85A1D3E04C400202A85 /* SomeServiceInterface.swift */,
			);
			path = Service;
			sourceTree = "<group>";
		};
		FE93A85C1D3E04E500202A85 /* RoundedView */ = {
			isa = PBXGroup;
			children = (
				FE93A85D1D3E04F200202A85 /* RoundedView.swift */,
			);
			path = RoundedView;
			sourceTree = "<group>";
		};
		FE9DF9FC1CF426AA0082819D = {
			isa = PBXGroup;
			children = (
				FE93A8281D3E044F00202A85 /* Layers */,
				FE9DFA361CF427B50082819D /* Info.plist */,
				FE9DFA061CF426AA0082819D /* Products */,
				FE9DFA631CF42B400082819D /* Frameworks */,
			);
			sourceTree = "<group>";
		};
		FE9DFA061CF426AA0082819D /* Products */ = {
			isa = PBXGroup;
			children = (
				FE9DFA051CF426AA0082819D /* ViperExample.app */,
			);
			name = Products;
			sourceTree = "<group>";
		};
		FE9DFA631CF42B400082819D /* Frameworks */ = {
			isa = PBXGroup;
			children = (
				FE93A8621D3E0AAD00202A85 /* Rswift.framework */,
				FE845CF71D3DE92A0008CCBF /* ThreadsKit.framework */,
			);
			name = Frameworks;
			sourceTree = "<group>";
		};
/* End PBXGroup section */

/* Begin PBXNativeTarget section */
		FE9DFA041CF426AA0082819D /* ViperExample */ = {
			isa = PBXNativeTarget;
			buildConfigurationList = FE9DFA2D1CF426AA0082819D /* Build configuration list for PBXNativeTarget "ViperExample" */;
			buildPhases = (
				FE93A85F1D3E080900202A85 /* ShellScript */,
				FE9DFA011CF426AA0082819D /* Sources */,
				FE9DFA021CF426AA0082819D /* Frameworks */,
				FE9DFA031CF426AA0082819D /* Resources */,
				FE845CFF1D3DE93B0008CCBF /* Embed Frameworks */,
			);
			buildRules = (
			);
			dependencies = (
			);
			name = ViperExample;
			productName = ViperExample;
			productReference = FE9DFA051CF426AA0082819D /* ViperExample.app */;
			productType = "com.apple.product-type.application";
		};
/* End PBXNativeTarget section */

/* Begin PBXProject section */
		FE9DF9FD1CF426AA0082819D /* Project object */ = {
			isa = PBXProject;
			attributes = {
				LastSwiftUpdateCheck = 0730;
				LastUpgradeCheck = 0730;
				ORGANIZATIONNAME = "Maksim Bazarov";
				TargetAttributes = {
					FE9DFA041CF426AA0082819D = {
						CreatedOnToolsVersion = 7.3.1;
					};
				};
			};
			buildConfigurationList = FE9DFA001CF426AA0082819D /* Build configuration list for PBXProject "ViperExample" */;
			compatibilityVersion = "Xcode 3.2";
			developmentRegion = English;
			hasScannedForEncodings = 0;
			knownRegions = (
				en,
				Base,
			);
			mainGroup = FE9DF9FC1CF426AA0082819D;
			productRefGroup = FE9DFA061CF426AA0082819D /* Products */;
			projectDirPath = "";
			projectRoot = "";
			targets = (
				FE9DFA041CF426AA0082819D /* ViperExample */,
			);
		};
/* End PBXProject section */

/* Begin PBXResourcesBuildPhase section */
		FE9DFA031CF426AA0082819D /* Resources */ = {
			isa = PBXResourcesBuildPhase;
			buildActionMask = 2147483647;
			files = (
				FE93A8491D3E044F00202A85 /* Assets.xcassets in Resources */,
				FE93A84A1D3E044F00202A85 /* LaunchScreen.storyboard in Resources */,
				2DA4EE741D3E3E5300960324 /* AuthScreen.storyboard in Resources */,
				FE93A8571D3E044F00202A85 /* MainScreen.storyboard in Resources */,
			);
			runOnlyForDeploymentPostprocessing = 0;
		};
/* End PBXResourcesBuildPhase section */

/* Begin PBXShellScriptBuildPhase section */
		FE93A85F1D3E080900202A85 /* ShellScript */ = {
			isa = PBXShellScriptBuildPhase;
			buildActionMask = 2147483647;
			files = (
			);
			inputPaths = (
			);
			outputPaths = (
			);
			runOnlyForDeploymentPostprocessing = 0;
			shellPath = /bin/sh;
			shellScript = "\"$SRCROOT/rswift\" \"$SRCROOT/Layers/Application/Resources\"\n";
		};
/* End PBXShellScriptBuildPhase section */

/* Begin PBXSourcesBuildPhase section */
		FE9DFA011CF426AA0082819D /* Sources */ = {
			isa = PBXSourcesBuildPhase;
			buildActionMask = 2147483647;
			files = (
				2DA4EE6F1D3E3E4400960324 /* AuthScreenInteractor.swift in Sources */,
				FE93A8481D3E044F00202A85 /* Dependencies.swift in Sources */,
				FE93A8501D3E044F00202A85 /* ViperViewController.swift in Sources */,
				FE93A84C1D3E044F00202A85 /* KeyboardNotification.swift in Sources */,
				2DA4EE721D3E3E4400960324 /* AuthScreenView.swift in Sources */,
				FE93A8531D3E044F00202A85 /* MainScreenInteractor.swift in Sources */,
				2DA4EE701D3E3E4400960324 /* AuthScreenModule.swift in Sources */,
				FE93A84F1D3E044F00202A85 /* ViperRouter.swift in Sources */,
				FE93A8541D3E044F00202A85 /* MainScreen.swift in Sources */,
				FE93A84B1D3E044F00202A85 /* Router.swift in Sources */,
				FE93A8471D3E044F00202A85 /* AppDelegate.swift in Sources */,
				FE93A8611D3E08FC00202A85 /* R.generated.swift in Sources */,
				2DA4EE6E1D3E3E4400960324 /* AuthScreenAssembly.swift in Sources */,
				2DA4EE711D3E3E4400960324 /* AuthScreenRouter.swift in Sources */,
				FE93A8591D3E046600202A85 /* User.swift in Sources */,
				FE93A8521D3E044F00202A85 /* MainScreenAssembly.swift in Sources */,
				FE93A8561D3E044F00202A85 /* MainScreenView.swift in Sources */,
				FE93A85E1D3E04F200202A85 /* RoundedView.swift in Sources */,
				FE93A85B1D3E04C400202A85 /* SomeServiceInterface.swift in Sources */,
				FE93A84E1D3E044F00202A85 /* ViperModule.swift in Sources */,
				FE93A84D1D3E044F00202A85 /* ViperInteractor.swift in Sources */,
				FE93A8551D3E044F00202A85 /* MainScreenRouter.swift in Sources */,
			);
			runOnlyForDeploymentPostprocessing = 0;
		};
/* End PBXSourcesBuildPhase section */

/* Begin PBXVariantGroup section */
		FE93A82F1D3E044F00202A85 /* LaunchScreen.storyboard */ = {
			isa = PBXVariantGroup;
			children = (
				FE93A8301D3E044F00202A85 /* Base */,
			);
			name = LaunchScreen.storyboard;
			sourceTree = "<group>";
		};
/* End PBXVariantGroup section */

/* Begin XCBuildConfiguration section */
		FE9DFA2B1CF426AA0082819D /* Debug */ = {
			isa = XCBuildConfiguration;
			buildSettings = {
				ALWAYS_SEARCH_USER_PATHS = NO;
				CLANG_ANALYZER_NONNULL = YES;
				CLANG_CXX_LANGUAGE_STANDARD = "gnu++0x";
				CLANG_CXX_LIBRARY = "libc++";
				CLANG_ENABLE_MODULES = YES;
				CLANG_ENABLE_OBJC_ARC = YES;
				CLANG_WARN_BOOL_CONVERSION = YES;
				CLANG_WARN_CONSTANT_CONVERSION = YES;
				CLANG_WARN_DIRECT_OBJC_ISA_USAGE = YES_ERROR;
				CLANG_WARN_EMPTY_BODY = YES;
				CLANG_WARN_ENUM_CONVERSION = YES;
				CLANG_WARN_INT_CONVERSION = YES;
				CLANG_WARN_OBJC_ROOT_CLASS = YES_ERROR;
				CLANG_WARN_UNREACHABLE_CODE = YES;
				CLANG_WARN__DUPLICATE_METHOD_MATCH = YES;
				"CODE_SIGN_IDENTITY[sdk=iphoneos*]" = "iPhone Developer";
				COPY_PHASE_STRIP = NO;
				DEBUG_INFORMATION_FORMAT = dwarf;
				ENABLE_STRICT_OBJC_MSGSEND = YES;
				ENABLE_TESTABILITY = YES;
				GCC_C_LANGUAGE_STANDARD = gnu99;
				GCC_DYNAMIC_NO_PIC = NO;
				GCC_NO_COMMON_BLOCKS = YES;
				GCC_OPTIMIZATION_LEVEL = 0;
				GCC_PREPROCESSOR_DEFINITIONS = (
					"DEBUG=1",
					"$(inherited)",
				);
				GCC_WARN_64_TO_32_BIT_CONVERSION = YES;
				GCC_WARN_ABOUT_RETURN_TYPE = YES_ERROR;
				GCC_WARN_UNDECLARED_SELECTOR = YES;
				GCC_WARN_UNINITIALIZED_AUTOS = YES_AGGRESSIVE;
				GCC_WARN_UNUSED_FUNCTION = YES;
				GCC_WARN_UNUSED_VARIABLE = YES;
				IPHONEOS_DEPLOYMENT_TARGET = 8.0;
				MTL_ENABLE_DEBUG_INFO = YES;
				ONLY_ACTIVE_ARCH = YES;
				SDKROOT = iphoneos;
				SWIFT_OPTIMIZATION_LEVEL = "-Onone";
				TARGETED_DEVICE_FAMILY = "1,2";
			};
			name = Debug;
		};
		FE9DFA2C1CF426AA0082819D /* Release */ = {
			isa = XCBuildConfiguration;
			buildSettings = {
				ALWAYS_SEARCH_USER_PATHS = NO;
				CLANG_ANALYZER_NONNULL = YES;
				CLANG_CXX_LANGUAGE_STANDARD = "gnu++0x";
				CLANG_CXX_LIBRARY = "libc++";
				CLANG_ENABLE_MODULES = YES;
				CLANG_ENABLE_OBJC_ARC = YES;
				CLANG_WARN_BOOL_CONVERSION = YES;
				CLANG_WARN_CONSTANT_CONVERSION = YES;
				CLANG_WARN_DIRECT_OBJC_ISA_USAGE = YES_ERROR;
				CLANG_WARN_EMPTY_BODY = YES;
				CLANG_WARN_ENUM_CONVERSION = YES;
				CLANG_WARN_INT_CONVERSION = YES;
				CLANG_WARN_OBJC_ROOT_CLASS = YES_ERROR;
				CLANG_WARN_UNREACHABLE_CODE = YES;
				CLANG_WARN__DUPLICATE_METHOD_MATCH = YES;
				"CODE_SIGN_IDENTITY[sdk=iphoneos*]" = "iPhone Developer";
				COPY_PHASE_STRIP = NO;
				DEBUG_INFORMATION_FORMAT = "dwarf-with-dsym";
				ENABLE_NS_ASSERTIONS = NO;
				ENABLE_STRICT_OBJC_MSGSEND = YES;
				GCC_C_LANGUAGE_STANDARD = gnu99;
				GCC_NO_COMMON_BLOCKS = YES;
				GCC_WARN_64_TO_32_BIT_CONVERSION = YES;
				GCC_WARN_ABOUT_RETURN_TYPE = YES_ERROR;
				GCC_WARN_UNDECLARED_SELECTOR = YES;
				GCC_WARN_UNINITIALIZED_AUTOS = YES_AGGRESSIVE;
				GCC_WARN_UNUSED_FUNCTION = YES;
				GCC_WARN_UNUSED_VARIABLE = YES;
				IPHONEOS_DEPLOYMENT_TARGET = 8.0;
				MTL_ENABLE_DEBUG_INFO = NO;
				SDKROOT = iphoneos;
				TARGETED_DEVICE_FAMILY = "1,2";
				VALIDATE_PRODUCT = YES;
			};
			name = Release;
		};
		FE9DFA2E1CF426AA0082819D /* Debug */ = {
			isa = XCBuildConfiguration;
			buildSettings = {
				ASSETCATALOG_COMPILER_APPICON_NAME = AppIcon;
				FRAMEWORK_SEARCH_PATHS = (
					"$(inherited)",
					"$(PROJECT_DIR)/Carthage/Build/iOS",
				);
				INFOPLIST_FILE = "$(SRCROOT)/Info.plist";
				IPHONEOS_DEPLOYMENT_TARGET = 8.0;
				LD_RUNPATH_SEARCH_PATHS = "$(inherited) @executable_path/Frameworks";
				PRODUCT_BUNDLE_IDENTIFIER = im.mks.ViperExample;
				PRODUCT_NAME = "$(TARGET_NAME)";
			};
			name = Debug;
		};
		FE9DFA2F1CF426AA0082819D /* Release */ = {
			isa = XCBuildConfiguration;
			buildSettings = {
				ASSETCATALOG_COMPILER_APPICON_NAME = AppIcon;
				FRAMEWORK_SEARCH_PATHS = (
					"$(inherited)",
					"$(PROJECT_DIR)/Carthage/Build/iOS",
				);
				INFOPLIST_FILE = "$(SRCROOT)/Info.plist";
				IPHONEOS_DEPLOYMENT_TARGET = 8.0;
				LD_RUNPATH_SEARCH_PATHS = "$(inherited) @executable_path/Frameworks";
				PRODUCT_BUNDLE_IDENTIFIER = im.mks.ViperExample;
				PRODUCT_NAME = "$(TARGET_NAME)";
			};
			name = Release;
		};
/* End XCBuildConfiguration section */

/* Begin XCConfigurationList section */
		FE9DFA001CF426AA0082819D /* Build configuration list for PBXProject "ViperExample" */ = {
			isa = XCConfigurationList;
			buildConfigurations = (
				FE9DFA2B1CF426AA0082819D /* Debug */,
				FE9DFA2C1CF426AA0082819D /* Release */,
			);
			defaultConfigurationIsVisible = 0;
			defaultConfigurationName = Release;
		};
		FE9DFA2D1CF426AA0082819D /* Build configuration list for PBXNativeTarget "ViperExample" */ = {
			isa = XCConfigurationList;
			buildConfigurations = (
				FE9DFA2E1CF426AA0082819D /* Debug */,
				FE9DFA2F1CF426AA0082819D /* Release */,
			);
			defaultConfigurationIsVisible = 0;
			defaultConfigurationName = Release;
		};
/* End XCConfigurationList section */
	};
	rootObject = FE9DF9FD1CF426AA0082819D /* Project object */;
}
